
Microsoft Visual Studio Solution File, Format Version 12.00
Project("{FAE04EC0-301F-11D3-BF4B-00C04F79EFBC}") = "Zombs-R-Cute Horde Huts", "Zombs-R-Cute Horde Huts.csproj", "{01406557-A459-45D0-8A9C-3A3E46021560}"
EndProject
Global
	GlobalSection(SolutionConfigurationPlatforms) = preSolution
		Debug|Any CPU = Debug|Any CPU
		Release|Any CPU = Release|Any CPU
	EndGlobalSection
	GlobalSection(ProjectConfigurationPlatforms) = postSolution
		{01406557-A459-45D0-8A9C-3A3E46021560}.Debug|Any CPU.ActiveCfg = Debug|Any CPU
		{01406557-A459-45D0-8A9C-3A3E46021560}.Debug|Any CPU.Build.0 = Debug|Any CPU
		{01406557-A459-45D0-8A9C-3A3E46021560}.Release|Any CPU.ActiveCfg = Release|Any CPU
		{01406557-A459-45D0-8A9C-3A3E46021560}.Release|Any CPU.Build.0 = Release|Any CPU
	EndGlobalSection
EndGlobal
